# THIS IS AN AUTOGENERATED FILE. DO NOT EDIT THIS FILE DIRECTLY.
# yarn lockfile v1


"@rdfjs/data-model@2.0.0", "@rdfjs/data-model@^2.0.0":
  version "2.0.0"
  resolved "https://registry.yarnpkg.com/@rdfjs/data-model/-/data-model-2.0.0.tgz#0e366aa0a1f9b2311413b874c63de324f4cd907f"
  integrity sha512-MTnXulGDlglImAszhX44SB4uo3X0K8XcUs7BXBjrAYmempbQ7zh04nInDE83BhK76ILnZcZUtnjETorG/Ss73A==

"@rdfjs/data-model@^1.0.1", "@rdfjs/data-model@^1.1.2":
  version "1.3.4"
  resolved "https://registry.yarnpkg.com/@rdfjs/data-model/-/data-model-1.3.4.tgz#2b1b3e52755ab1283bf66aa2d3ac97fd8a0332c2"
  integrity sha512-iKzNcKvJotgbFDdti7GTQDCYmL7GsGldkYStiP0K8EYtN7deJu5t7U11rKTz+nR7RtesUggT+lriZ7BakFv8QQ==
  dependencies:
    "@rdfjs/types" ">=1.0.1"

"@rdfjs/namespace@2.0.0":
  version "2.0.0"
  resolved "https://registry.yarnpkg.com/@rdfjs/namespace/-/namespace-2.0.0.tgz#e6ca090f253505d95544c6482400c89e55fc9e1c"
  integrity sha512-cBBvNrlSOah4z7u2vS74Lxng/ivELy6tNPjx+G/Ag14up8z5xmX8njn+U/mJ+nlcXO7nDGK4rgaAq7jtl9S3CQ==
  dependencies:
    "@rdfjs/data-model" "^2.0.0"

"@rdfjs/parser-n3@^1.1.3":
  version "1.1.4"
  resolved "https://registry.yarnpkg.com/@rdfjs/parser-n3/-/parser-n3-1.1.4.tgz#7f8844c8a2fc62e7d1e40d7daf99a1af025a451d"
  integrity sha512-PUKSNlfD2Zq3GcQZuOF2ndfrLbc+N96FUe2gNIzARlR2er0BcOHBHEFUJvVGg1Xmsg3hVKwfg0nwn1JZ7qKKMw==
  dependencies:
    "@rdfjs/data-model" "^1.0.1"
    "@rdfjs/sink" "^1.0.2"
    n3 "^1.3.5"
    readable-stream "^3.6.0"
    readable-to-readable "^0.1.0"

"@rdfjs/sink@^1.0.2":
  version "1.0.3"
  resolved "https://registry.yarnpkg.com/@rdfjs/sink/-/sink-1.0.3.tgz#cdbb4ecf0ff34e6ad6c301a5bc221508c820568c"
  integrity sha512-2KfYa8mAnptRNeogxhQqkWNXqfYVWO04jQThtXKepySrIwYmz83+WlevQtA4VDLFe+kFd2TwgL29ekPe5XVUfA==

"@rdfjs/to-ntriples@^1.0.2":
  version "1.0.2"
  resolved "https://registry.yarnpkg.com/@rdfjs/to-ntriples/-/to-ntriples-1.0.2.tgz#c2fe8f6e8d8010c2315c0a816d1cd42a4447965e"
  integrity sha512-ngw5XAaGHjgGiwWWBPGlfdCclHftonmbje5lMys4G2j4NvfExraPIuRZgjSnd5lg4dnulRVUll8tRbgKO+7EDA==

"@rdfjs/types@*", "@rdfjs/types@>=1.0.1":
  version "1.0.1"
  resolved "https://registry.yarnpkg.com/@rdfjs/types/-/types-1.0.1.tgz#92908a13bc88c71b349b332f3db19178282d6f4e"
  integrity sha512-YxVkH0XrCNG3MWeZxfg596GFe+oorTVusmNxRP6ZHTsGczZ8AGvG3UchRNkg3Fy4MyysI7vBAA5YZbESL+VmHQ==
  dependencies:
    "@types/node" "*"

"@types/http-link-header@^1.0.1":
  version "1.0.3"
  resolved "https://registry.yarnpkg.com/@types/http-link-header/-/http-link-header-1.0.3.tgz#899adf1d8d2036074514f3dbd148fb901ceff920"
  integrity sha512-y8HkoD/vyid+5MrJ3aas0FvU3/BVBGcyG9kgxL0Zn4JwstA8CglFPnrR0RuzOjRCXwqzL5uxWC2IO7Ub0rMU2A==
  dependencies:
    "@types/node" "*"

"@types/node@*":
  version "17.0.10"
  resolved "https://registry.yarnpkg.com/@types/node/-/node-17.0.10.tgz#616f16e9d3a2a3d618136b1be244315d95bd7cab"
  integrity sha512-S/3xB4KzyFxYGCppyDt68yzBU9ysL88lSdIah4D6cptdcltc4NCPCAMc0+PCpg/lLIyC7IPvj2Z52OJWeIUkog==

"@types/node@^13.1.0":
  version "13.13.52"
  resolved "https://registry.yarnpkg.com/@types/node/-/node-13.13.52.tgz#03c13be70b9031baaed79481c0c0cfb0045e53f7"
  integrity sha512-s3nugnZumCC//n4moGGe6tkNMyYEdaDBitVjwPxXmR5lnMG5dHePinH2EdxkG3Rh1ghFHHixAG4NJhpJW1rthQ==

"@zazuko/node-fetch@^2.6.6":
  version "2.6.6"
  resolved "https://registry.yarnpkg.com/@zazuko/node-fetch/-/node-fetch-2.6.6.tgz#e8128d30d0a07c11da8e25c3f10b5cca77941ff7"
  integrity sha512-mrEqq7BJyNBlK5oT7U1S0EfLbFPpVHLXQJswhrN8Mv/3BKmWIBtMBaphK8AXF7XEhgK9vzRs/f3AIG8oHlPdpg==
  dependencies:
    whatwg-url "^5.0.0"

JSONStream@^1.3.3:
  version "1.3.5"
  resolved "https://registry.yarnpkg.com/JSONStream/-/JSONStream-1.3.5.tgz#3208c1f08d3a4d99261ab64f92302bc15e111ca0"
  integrity sha512-E+iruNOY8VV9s4JEbe1aNEm6MiszPRr/UfcHMz0TQh1BXSxHK+ASV1R6W4HpjBhSeS+54PIsAMCBmwD06LLsqQ==
  dependencies:
    jsonparse "^1.2.0"
    through ">=2.2.7 <3"

ansi-regex@^5.0.1:
  version "5.0.1"
  resolved "https://registry.yarnpkg.com/ansi-regex/-/ansi-regex-5.0.1.tgz#082cb2c89c9fe8659a311a53bd6a4dc5301db304"
  integrity sha512-quJQXlTSUGL2LH9SUXo8VwsY4soanhgo6LNSm84E1LBcE8s3O0wpdiRzyR9z/ZZJMlMWv37qOOb9pdJlMUEKFQ==

atomic-sleep@^1.0.0:
  version "1.0.0"
  resolved "https://registry.yarnpkg.com/atomic-sleep/-/atomic-sleep-1.0.0.tgz#eb85b77a601fc932cfe432c5acd364a9e2c9075b"
  integrity sha512-kNOjDqAh7px0XWNI+4QbzoiR/nTkHAWNud2uvnJquD1/x5a7EQZMJT0AczqK0Qn67oY/TTQ1LbUKajZpp3I9tQ==

axios@^0.21.1:
  version "0.21.4"
  resolved "https://registry.yarnpkg.com/axios/-/axios-0.21.4.tgz#c67b90dc0568e5c1cf2b0b858c43ba28e2eda575"
  integrity sha512-ut5vewkiu8jjGBdqpM44XxjuCjq9LAKeHVmoVfHVzy8eHgxxq8SbAVQNovDA8mVi05kP0Ea/n/UzcSHcTJQfNg==
  dependencies:
    follow-redirects "^1.14.0"

base64url@^3.0.1:
  version "3.0.1"
  resolved "https://registry.yarnpkg.com/base64url/-/base64url-3.0.1.tgz#6399d572e2bc3f90a9a8b22d5dbb0a32d33f788d"
  integrity sha512-ir1UPr3dkwexU7FdV8qBBbNDRUhMmIekYMFZfi+C/sLNnRESKPl23nB9b2pltqfOQNnGzsDdId90AEtG5tCx4A==

bluebird@3.7.2:
  version "3.7.2"
  resolved "https://registry.yarnpkg.com/bluebird/-/bluebird-3.7.2.tgz#9f229c15be272454ffa973ace0dbee79a1b0c36f"
  integrity sha512-XpNj6GDQzdfW+r2Wnn7xiSAd7TM3jzkxGXBGTtWKuSXv1xUV+azxAm8jdWZN06QTQk+2N2XB9jRDkvbmQmcRtg==

buffer-from@^1.0.0:
  version "1.1.2"
  resolved "https://registry.yarnpkg.com/buffer-from/-/buffer-from-1.1.2.tgz#2b146a6fd72e80b4f55d255f35ed59a3a9a41bd5"
  integrity sha512-E+XQCRwSbaaiChtv6k6Dwgc+bx+Bs6vuKJHHl5kox/BaKbhiXzqQOwK4cO22yElGp2OCmjwVhT3HmxgyPGnJfQ==

call-bind@^1.0.0:
  version "1.0.2"
  resolved "https://registry.yarnpkg.com/call-bind/-/call-bind-1.0.2.tgz#b1d4e89e688119c3c9a903ad30abb2f6a919be3c"
  integrity sha512-7O+FbCihrB5WGbFYesctwmTKae6rOiIzmz1icreWJ+0aA7LJfuqhEso2T9ncpcFtzMQtzXf2QGGueWJGTYsqrA==
  dependencies:
    function-bind "^1.1.1"
    get-intrinsic "^1.0.2"

canonicalize@^1.0.1:
  version "1.0.8"
  resolved "https://registry.yarnpkg.com/canonicalize/-/canonicalize-1.0.8.tgz#24d1f1a00ed202faafd9bf8e63352cd4450c6df1"
  integrity sha512-0CNTVCLZggSh7bc5VkX5WWPWO+cyZbNd07IHIsSXLia/eAq+r836hgk+8BKoEh7949Mda87VUOitx5OddVj64A==

cli-progress@3.10.0:
  version "3.10.0"
  resolved "https://registry.yarnpkg.com/cli-progress/-/cli-progress-3.10.0.tgz#63fd9d6343c598c93542fdfa3563a8b59887d78a"
  integrity sha512-kLORQrhYCAtUPLZxqsAt2YJGOvRdt34+O6jl5cQGb7iF3dM55FQZlTR+rQyIK9JUcO9bBMwZsTlND+3dmFU2Cw==
  dependencies:
    string-width "^4.2.0"

concat-stream@^1.6.0:
  version "1.6.2"
  resolved "https://registry.yarnpkg.com/concat-stream/-/concat-stream-1.6.2.tgz#904bdf194cd3122fc675c77fc4ac3d4ff0fd1a34"
  integrity sha512-27HBghJxjiZtIk3Ycvn/4kbJk/1uZuJFfuPEns6LaEvpvG1f0hTea8lilrouyo9mVc2GWdcEZ8OLoGmSADlrCw==
  dependencies:
    buffer-from "^1.0.0"
    inherits "^2.0.3"
    readable-stream "^2.2.2"
    typedarray "^0.0.6"

core-util-is@~1.0.0:
  version "1.0.3"
  resolved "https://registry.yarnpkg.com/core-util-is/-/core-util-is-1.0.3.tgz#a6042d3634c2b27e9328f837b965fac83808db85"
  integrity sha512-ZQBvi1DcpJ4GDqanjucZ2Hj3wEO5pZDS89BWbkcrvdxksJorwUDDZamX9ldFkp9aw2lmBDLgkObEA4DWNJ9FYQ==

cross-fetch@^3.0.4:
  version "3.1.5"
  resolved "https://registry.yarnpkg.com/cross-fetch/-/cross-fetch-3.1.5.tgz#e1389f44d9e7ba767907f7af8454787952ab534f"
  integrity sha512-lvb1SBsI0Z7GDwmuid+mU3kWVBwTVUbe7S0H52yaaAdQOXq2YktTCZdlAcNKFzE6QtRz0snpw9bNiPeOIkkQvw==
  dependencies:
    node-fetch "2.6.7"

cross-fetch@^3.0.6:
  version "3.1.4"
  resolved "https://registry.yarnpkg.com/cross-fetch/-/cross-fetch-3.1.4.tgz#9723f3a3a247bf8b89039f3a380a9244e8fa2f39"
  integrity sha512-1eAtFWdIubi6T4XPy6ei9iUFoKpUkIF971QLN8lIvvvwueI65+Nw5haMNKUwfJxabqlIIDODJKGrQ66gxC0PbQ==
  dependencies:
    node-fetch "2.6.1"

debug@~2:
  version "2.6.9"
  resolved "https://registry.yarnpkg.com/debug/-/debug-2.6.9.tgz#5d128515df134ff327e90a4c93f4e077a536341f"
  integrity sha512-bC7ElrdJaJnPbAP+1EotYvqZsb3ecl5wi6Bfi6BJTUcNowp6cvspg0jXznRTKDjm/E7AdgFBVeAPVMNcKGsHMA==
  dependencies:
    ms "2.0.0"

emoji-regex@^8.0.0:
  version "8.0.0"
  resolved "https://registry.yarnpkg.com/emoji-regex/-/emoji-regex-8.0.0.tgz#e818fd69ce5ccfcb404594f842963bf53164cc37"
  integrity sha512-MSjYzcWNOA0ewAHpz0MxpYFvwg6yjy1NG3xteoqz644VCo/RPgnr1/GGt+ic3iJTzQ8Eu3TdM14SawnVUmGE6A==

end-of-stream@^1.1.0:
  version "1.4.4"
  resolved "https://registry.yarnpkg.com/end-of-stream/-/end-of-stream-1.4.4.tgz#5ae64a5f45057baf3626ec14da0ca5e4b2431eb0"
  integrity sha512-+uw1inIHVPQoaVuHzRyXd21icM+cnt4CzD5rW+NC1wjOUSTOs+Te7FOv7AhN7vS9x/oIyhLP5PR1H+phQAHu5Q==
  dependencies:
    once "^1.4.0"

eslint-config-google@^0.13.0:
  version "0.13.0"
  resolved "https://registry.yarnpkg.com/eslint-config-google/-/eslint-config-google-0.13.0.tgz#e277d16d2cb25c1ffd3fd13fb0035ad7421382fe"
  integrity sha512-ELgMdOIpn0CFdsQS+FuxO+Ttu4p+aLaXHv9wA9yVnzqlUGV7oN/eRRnJekk7TCur6Cu2FXX0fqfIXRBaM14lpQ==

fast-redact@^2.0.0:
  version "2.1.0"
  resolved "https://registry.yarnpkg.com/fast-redact/-/fast-redact-2.1.0.tgz#dfe3c1ca69367fb226f110aa4ec10ec85462ffdf"
  integrity sha512-0LkHpTLyadJavq9sRzzyqIoMZemWli77K2/MGOkafrR64B9ItrvZ9aT+jluvNDsv0YEHjSNhlMBtbokuoqii4A==

fast-safe-stringify@^2.0.7:
  version "2.1.1"
  resolved "https://registry.yarnpkg.com/fast-safe-stringify/-/fast-safe-stringify-2.1.1.tgz#c406a83b6e70d9e35ce3b30a81141df30aeba884"
  integrity sha512-W+KJc2dmILlPplD/H4K9l9LcAHAfPtP6BY84uVLXQ6Evcz9Lcg33Y2z1IVblT6xdY54PXYVHEv+0Wpq8Io6zkA==

flatstr@^1.0.12:
  version "1.0.12"
  resolved "https://registry.yarnpkg.com/flatstr/-/flatstr-1.0.12.tgz#c2ba6a08173edbb6c9640e3055b95e287ceb5931"
  integrity sha512-4zPxDyhCyiN2wIAtSLI6gc82/EjqZc1onI4Mz/l0pWrAlsSfYH/2ZIcU+e3oA2wDwbzIWNKwa23F8rh6+DRWkw==

follow-redirects@^1.14.0:
  version "1.14.7"
  resolved "https://registry.yarnpkg.com/follow-redirects/-/follow-redirects-1.14.7.tgz#2004c02eb9436eee9a21446a6477debf17e81685"
  integrity sha512-+hbxoLbFMbRKDwohX8GkTataGqO6Jb7jGwpAlwgy2bIz25XtRm7KEzJM76R1WiNT5SwZkX4Y75SwBolkpmE7iQ==

function-bind@^1.1.1:
  version "1.1.1"
  resolved "https://registry.yarnpkg.com/function-bind/-/function-bind-1.1.1.tgz#a56899d3ea3c9bab874bb9773b7c5ede92f4895d"
  integrity sha512-yIovAzMX49sF8Yl58fSCWJ5svSLuaibPxXQJFLmBObTuCr0Mf1KiPopGM9NiFjiYBCbfaa2Fh6breQ6ANVTI0A==

get-intrinsic@^1.0.2:
  version "1.1.1"
  resolved "https://registry.yarnpkg.com/get-intrinsic/-/get-intrinsic-1.1.1.tgz#15f59f376f855c446963948f0d24cd3637b4abc6"
  integrity sha512-kWZrnVM42QCiEA2Ig1bG8zjoIMOgxWwYCEeNdwY6Tv/cOSeGpcoX4pXHfKUxNKVoArnrEr2e9srnAxxGIraS9Q==
  dependencies:
    function-bind "^1.1.1"
    has "^1.0.3"
    has-symbols "^1.0.1"

get-stream@^5.1.0:
  version "5.2.0"
  resolved "https://registry.yarnpkg.com/get-stream/-/get-stream-5.2.0.tgz#4966a1795ee5ace65e706c4b7beb71257d6e22d3"
  integrity sha512-nBF+F1rAZVCu/p7rjzgA+Yb4lfYXrpl7a6VmJrU8wF9I1CKvP/QwPNZHnOlwbTkY6dvtFIzFMSyQXbLoTQPRpA==
  dependencies:
    pump "^3.0.0"

graphdb@2.0.0:
  version "2.0.0"
  resolved "https://registry.yarnpkg.com/graphdb/-/graphdb-2.0.0.tgz#203d8de8fee5058e559d77aa5a2ea90765b441bf"
  integrity sha512-9YzAzmTHhUrdJiogQvjRmRlW/SLO6GLE2IUwML4fN8EXbJLz7ABWjFwB7nPJU9fROS+faklNPmKMfP8dbr/aAw==
  dependencies:
    axios "^0.21.1"
    base64url "^3.0.1"
    eslint-config-google "^0.13.0"
    jsonld-streaming-parser "^2.2.0"
    n3 "^1.7.0"
    pino "^5.17.0"
    qs "^6.9.4"
    rdfxml-streaming-parser "^1.4.0"
    sparqljson-parse "^1.6.0"
    sparqlxml-parse "^1.4.0"
    uuid "^3.4.0"

has-symbols@^1.0.1:
  version "1.0.2"
  resolved "https://registry.yarnpkg.com/has-symbols/-/has-symbols-1.0.2.tgz#165d3070c00309752a1236a479331e3ac56f1423"
  integrity sha512-chXa79rL/UC2KlX17jo3vRGz0azaWEx5tGqZg5pO3NUyEJVB17dMruQlzCCOfUvElghKcm5194+BCRvi2Rv/Gw==

has@^1.0.3:
  version "1.0.3"
  resolved "https://registry.yarnpkg.com/has/-/has-1.0.3.tgz#722d7cbfc1f6aa8241f16dd814e011e1f41e8796"
  integrity sha512-f2dvO0VU6Oej7RkWJGrehjbzMAjFp5/VKPp5tTpWIV4JHHZK1/BxbFRtf/siA2SWTe09caDmVtYYzWEIbBS4zw==
  dependencies:
    function-bind "^1.1.1"

http-link-header@^1.0.2:
  version "1.0.3"
  resolved "https://registry.yarnpkg.com/http-link-header/-/http-link-header-1.0.3.tgz#abbc2cdc5e06dd7e196a4983adac08a2d085ec90"
  integrity sha512-nARK1wSKoBBrtcoESlHBx36c1Ln/gnbNQi1eB6MeTUefJIT3NvUOsV15bClga0k38f0q/kN5xxrGSDS3EFnm9w==

inherits@^2.0.3, inherits@^2.0.4, inherits@~2.0.3:
  version "2.0.4"
  resolved "https://registry.yarnpkg.com/inherits/-/inherits-2.0.4.tgz#0fa2c64f932917c3433a0ded55363aae37416b7c"
  integrity sha512-k/vGaX4/Yla3WzyMCvTQOXYeIHvqOKtnqBduzTHpzpQZzAskKMhZ2K+EnBiSM9zGSoIFeMpXKxa4dYeZIQqewQ==

is-fullwidth-code-point@^3.0.0:
  version "3.0.0"
  resolved "https://registry.yarnpkg.com/is-fullwidth-code-point/-/is-fullwidth-code-point-3.0.0.tgz#f116f8064fe90b3f7844a38997c0b75051269f1d"
  integrity sha512-zymm5+u+sCsSWyD9qNaejV3DFvhCKclKdizYaJUuHA83RLjb7nSuGnddCHGv0hk+KY7BMAlsWeK4Ueg6EV6XQg==

isarray@~1.0.0:
  version "1.0.0"
  resolved "https://registry.yarnpkg.com/isarray/-/isarray-1.0.0.tgz#bb935d48582cba168c06834957a54a3e07124f11"
  integrity sha1-u5NdSFgsuhaMBoNJV6VKPgcSTxE=

jsonld-context-parser@^2.1.3:
  version "2.1.5"
  resolved "https://registry.yarnpkg.com/jsonld-context-parser/-/jsonld-context-parser-2.1.5.tgz#07f8632ce5c29072c5f91295044ab31761e84fa9"
  integrity sha512-rsu5hB6bADa511l0QhG4lndAqlN7PQ4wsS0UKqLWUKg1GUQqYmh2SNfbwXiRiHZRJqhvCNqv9/5tQ3zzk4hMtg==
  dependencies:
    "@types/http-link-header" "^1.0.1"
    "@types/node" "^13.1.0"
    canonicalize "^1.0.1"
    cross-fetch "^3.0.6"
    http-link-header "^1.0.2"
    relative-to-absolute-iri "^1.0.5"

jsonld-streaming-parser@^2.2.0:
  version "2.4.2"
  resolved "https://registry.yarnpkg.com/jsonld-streaming-parser/-/jsonld-streaming-parser-2.4.2.tgz#35fe761bf322a940ad102db8d71bb05125998196"
  integrity sha512-kA1+LD9jTPX3bz81c+zjF4ng8UVmVnOmLhKj5pE8pQE0GHc4HJrr0+dHRUgAQzg8jvCml1B9HRmr9egYw4ZfJA==
  dependencies:
    "@rdfjs/types" "*"
    "@types/http-link-header" "^1.0.1"
    canonicalize "^1.0.1"
    http-link-header "^1.0.2"
    jsonld-context-parser "^2.1.3"
    jsonparse "^1.3.1"
    rdf-data-factory "^1.1.0"

jsonparse@1.3.1, jsonparse@^1.2.0, jsonparse@^1.3.1:
  version "1.3.1"
  resolved "https://registry.yarnpkg.com/jsonparse/-/jsonparse-1.3.1.tgz#3f4dae4a91fac315f71062f8521cc239f1366280"
  integrity sha1-P02uSpH6wxX3EGL4UhzCOfE2YoA=

jsonstream2@^3.0.0:
  version "3.0.0"
  resolved "https://registry.yarnpkg.com/jsonstream2/-/jsonstream2-3.0.0.tgz#0dcaf357e672dd65cdf40a91602b202e73ece46e"
  integrity sha512-8ngq2XB8NjYrpe3+Xtl9lFJl6RoV2dNT4I7iyaHwxUpTBwsj0AlAR7epGfeYVP0z4Z7KxMoSxRgJWrd2jmBT/Q==
  dependencies:
    jsonparse "1.3.1"
    through2 "^3.0.1"
    type-component "0.0.1"

lodash@^4.17.15:
  version "4.17.21"
  resolved "https://registry.yarnpkg.com/lodash/-/lodash-4.17.21.tgz#679591c564c3bffaae8454cf0b3df370c3d6911c"
  integrity sha512-v2kDEe57lecTulaDIuNTPy3Ry4gLGJ6Z1O3vE1krgXZNrsQ+LFTGHVxVjcXPs17LhbZVGedAJv8XZ1tvj5FvSg==

ms@2.0.0:
  version "2.0.0"
  resolved "https://registry.yarnpkg.com/ms/-/ms-2.0.0.tgz#5608aeadfc00be6c2901df5f9861788de0d597c8"
  integrity sha1-VgiurfwAvmwpAd9fmGF4jeDVl8g=

n3@^1.3.5:
  version "1.13.0"
  resolved "https://registry.yarnpkg.com/n3/-/n3-1.13.0.tgz#aaa37ef40c8adf83f543ae468b8bbd813e422d97"
  integrity sha512-GMB4ypBfnuf6mmwbtyN6Whc8TfuVDedxc4n+3wsacQH/h0+RjaEobGMhlWrFLDsqVbT94XA6+q9yysMO5SadKA==
  dependencies:
    queue-microtask "^1.1.2"
    readable-stream "^3.6.0"

n3@^1.7.0:
  version "1.12.2"
  resolved "https://registry.yarnpkg.com/n3/-/n3-1.12.2.tgz#3214c895b202ff57ebcaeb3e086c80649209158d"
  integrity sha512-vY1HBEraMPWQFLEK6sn67DeGMqTuwXnlEYpZ8gTVukKQSz2f44d+t+ZcmwEt8c99FlVAbpmMb/435Q8t0OC+7w==
  dependencies:
    queue-microtask "^1.1.2"
    readable-stream "^3.6.0"

node-fetch@2.6.1:
  version "2.6.1"
  resolved "https://registry.yarnpkg.com/node-fetch/-/node-fetch-2.6.1.tgz#045bd323631f76ed2e2b55573394416b639a0052"
  integrity sha512-V4aYg89jEoVRxRb2fJdAg8FHvI7cEyYdVAh94HH0UIK8oJxUfkjlDQN9RbMx+bEjP7+ggMiFRprSti032Oipxw==

node-fetch@2.6.7:
  version "2.6.7"
  resolved "https://registry.yarnpkg.com/node-fetch/-/node-fetch-2.6.7.tgz#24de9fba827e3b4ae44dc8b20256a379160052ad"
  integrity sha512-ZjMPFEfVx5j+y2yF35Kzx5sF7kDzxuDj6ziH4FFbOp87zKDZNx8yExJIb05OGF4Nlt9IHFIMBkRl41VdvcNdbQ==
  dependencies:
    whatwg-url "^5.0.0"

nodeify-fetch@^2.2.0:
  version "2.2.2"
  resolved "https://registry.yarnpkg.com/nodeify-fetch/-/nodeify-fetch-2.2.2.tgz#6de12a0ff733d158ba47ce9740000e68fb87109b"
  integrity sha512-4b1Jysy9RGyya0wJpseTQyxUgSbx6kw9ocHTY0OFRXWlxa2Uy5PrSo/P/nwoUn59rBR9YKty2kd7g4LKXmsZVA==
  dependencies:
    "@zazuko/node-fetch" "^2.6.6"
    concat-stream "^1.6.0"
    cross-fetch "^3.0.4"
    readable-error "^1.0.0"
    readable-stream "^3.5.0"

object-inspect@^1.9.0:
  version "1.12.0"
  resolved "https://registry.yarnpkg.com/object-inspect/-/object-inspect-1.12.0.tgz#6e2c120e868fd1fd18cb4f18c31741d0d6e776f0"
  integrity sha512-Ho2z80bVIvJloH+YzRmpZVQe87+qASmBUKZDWgx9cu+KDrX2ZDH/3tMy+gXbZETVGs2M8YdxObOh7XAtim9Y0g==

once@^1.3.1, once@^1.4.0:
  version "1.4.0"
  resolved "https://registry.yarnpkg.com/once/-/once-1.4.0.tgz#583b1aa775961d4b113ac17d9c50baef9dd76bd1"
  integrity sha1-WDsap3WWHUsROsF9nFC6753Xa9E=
  dependencies:
    wrappy "1"

option-parser@1.0.2:
  version "1.0.2"
  resolved "https://registry.yarnpkg.com/option-parser/-/option-parser-1.0.2.tgz#f2b872f5dfb0bb84f082ad1103e978a1152f70dc"
  integrity sha512-Q56FmRi6TZX+S9jAl9f0Tnrk7W8faAZULf6Y0IgJR6Cy7/MxhzvBFoyL1Sz2DD7WbOY2Fxtkz2S/3kzlbn/VsQ==

pino-std-serializers@^2.4.2:
  version "2.5.0"
  resolved "https://registry.yarnpkg.com/pino-std-serializers/-/pino-std-serializers-2.5.0.tgz#40ead781c65a0ce7ecd9c1c33f409d31fe712315"
  integrity sha512-wXqbqSrIhE58TdrxxlfLwU9eDhrzppQDvGhBEr1gYbzzM4KKo3Y63gSjiDXRKLVS2UOXdPNR2v+KnQgNrs+xUg==

pino@^5.17.0:
  version "5.17.0"
  resolved "https://registry.yarnpkg.com/pino/-/pino-5.17.0.tgz#b9def314e82402154f89a25d76a31f20ca84b4c8"
  integrity sha512-LqrqmRcJz8etUjyV0ddqB6OTUutCgQULPFg2b4dtijRHUsucaAdBgSUW58vY6RFSX+NT8963F+q0tM6lNwGShA==
  dependencies:
    fast-redact "^2.0.0"
    fast-safe-stringify "^2.0.7"
    flatstr "^1.0.12"
    pino-std-serializers "^2.4.2"
    quick-format-unescaped "^3.0.3"
    sonic-boom "^0.7.5"

process-nextick-args@~2.0.0:
  version "2.0.1"
  resolved "https://registry.yarnpkg.com/process-nextick-args/-/process-nextick-args-2.0.1.tgz#7820d9b16120cc55ca9ae7792680ae7dba6d7fe2"
  integrity sha512-3ouUOpQhtgrbOa17J7+uxOTpITYWaGP7/AhoR3+A+/1e9skrzelGi/dXzEYyvbxubEF6Wn2ypscTKiKJFFn1ag==

promise-the-world@^1.0.1:
  version "1.0.1"
  resolved "https://registry.yarnpkg.com/promise-the-world/-/promise-the-world-1.0.1.tgz#63e2b7c05948e3bc12434267c8a20b4a8fab774d"
  integrity sha512-eAXctcYU0ksq9YT5LT0N3e8yvdEAp0aYuzIiaJo9CpZwga45i08MW05GMXZIow7N05d1o4EBoR5hjkb7jhzqKg==

pump@^3.0.0:
  version "3.0.0"
  resolved "https://registry.yarnpkg.com/pump/-/pump-3.0.0.tgz#b4a2116815bde2f4e1ea602354e8c75565107a64"
  integrity sha512-LwZy+p3SFs1Pytd/jYct4wpv49HiYCqd9Rlc5ZVdk0V+8Yzv6jR5Blk3TRmPL1ft69TxP0IMZGJ+WPFU2BFhww==
  dependencies:
    end-of-stream "^1.1.0"
    once "^1.3.1"

qs@^6.9.4:
  version "6.10.3"
  resolved "https://registry.yarnpkg.com/qs/-/qs-6.10.3.tgz#d6cde1b2ffca87b5aa57889816c5f81535e22e8e"
  integrity sha512-wr7M2E0OFRfIfJZjKGieI8lBKb7fRCH4Fv5KNPEs7gJ8jadvotdsS08PzOKR7opXhZ/Xkjtt3WF9g38drmyRqQ==
  dependencies:
    side-channel "^1.0.4"

queue-microtask@^1.1.2:
  version "1.2.3"
  resolved "https://registry.yarnpkg.com/queue-microtask/-/queue-microtask-1.2.3.tgz#4929228bbc724dfac43e0efb058caf7b6cfb6243"
  integrity sha512-NuaNSa6flKT5JaSYQzJok04JzTL1CA6aGhv5rfLW3PgqA+M2ChpZQnAC8h8i4ZFkBS8X5RqkDBHA7r4hej3K9A==

quick-format-unescaped@^3.0.3:
  version "3.0.3"
  resolved "https://registry.yarnpkg.com/quick-format-unescaped/-/quick-format-unescaped-3.0.3.tgz#fb3e468ac64c01d22305806c39f121ddac0d1fb9"
  integrity sha512-dy1yjycmn9blucmJLXOfZDx1ikZJUi6E8bBZLnhPG5gBrVhHXx2xVyqqgKBubVNEXmx51dBACMHpoMQK/N/AXQ==

rdf-data-factory@1.1.0, rdf-data-factory@^1.0.4, rdf-data-factory@^1.1.0:
  version "1.1.0"
  resolved "https://registry.yarnpkg.com/rdf-data-factory/-/rdf-data-factory-1.1.0.tgz#d0510b9f100dd79e94f29559a12d4a5a585054d6"
  integrity sha512-g8feOVZ/KL1OK2Pco/jDBDFh4m29QDsOOD+rWloG9qFvIzRFchGy2CviLUX491E0ByewXxMpaq/A3zsWHQA16A==
  dependencies:
    "@rdfjs/types" "*"

rdf-transform-triple-to-quad@^1.0.2:
  version "1.0.2"
  resolved "https://registry.yarnpkg.com/rdf-transform-triple-to-quad/-/rdf-transform-triple-to-quad-1.0.2.tgz#8d3b3e7e2a2723270b08ca7b4f1777b1a6b948af"
  integrity sha512-cr8wgJcj+SvPLichNhWhUTyXHcoD1EVgajVmvbtwYbMRw479KAaW03TTviQaJAUqgcWzIzkrWLtWkrY2FgwryQ==
  dependencies:
    "@rdfjs/data-model" "^1.1.2"
    readable-stream "^3.5.0"

rdfxml-streaming-parser@^1.4.0:
  version "1.5.0"
  resolved "https://registry.yarnpkg.com/rdfxml-streaming-parser/-/rdfxml-streaming-parser-1.5.0.tgz#485af3a01abc2dc49149b8758da9a12351d34348"
  integrity sha512-pnt+7NgeqCMd2/rub+dqxzYJhZwJjBNU2BRwyYdCTmRZu2fr795jCPJB6Io5pjPzAt29ASqy+ODBSRMDKoKGbQ==
  dependencies:
    "@rdfjs/types" "*"
    rdf-data-factory "^1.1.0"
    relative-to-absolute-iri "^1.0.0"
    sax "^1.2.4"

readable-error@^1.0.0:
  version "1.0.0"
  resolved "https://registry.yarnpkg.com/readable-error/-/readable-error-1.0.0.tgz#24a572d13168dcd92aa7a9dcce3757d0f648f271"
  integrity sha512-CLnInu5bUphmFiZ3pD/BC6+Cg4/BzK6ZMvWfd0b2QMzYo159Z/f/nVFQ9L5IeMrqUxy0EFsp3XJ+BRfLfY13IQ==
  dependencies:
    readable-stream "^2.3.3"

"readable-stream@2 || 3", readable-stream@^3.5.0, readable-stream@^3.6.0:
  version "3.6.0"
  resolved "https://registry.yarnpkg.com/readable-stream/-/readable-stream-3.6.0.tgz#337bbda3adc0706bd3e024426a286d4b4b2c9198"
  integrity sha512-BViHy7LKeTz4oNnkcLJ+lVSL6vpiFeX6/d3oSH8zCW7UxP2onchk+vTGB143xuFjHS3deTgkKoXXymXqymiIdA==
  dependencies:
    inherits "^2.0.3"
    string_decoder "^1.1.1"
    util-deprecate "^1.0.1"

readable-stream@^2.2.2, readable-stream@^2.3.3:
  version "2.3.7"
  resolved "https://registry.yarnpkg.com/readable-stream/-/readable-stream-2.3.7.tgz#1eca1cf711aef814c04f62252a36a62f6cb23b57"
  integrity sha512-Ebho8K4jIbHAxnuxi7o42OrZgF/ZTNcsZj6nRKyUmkhLFq8CHItp/fy6hQZuZmP/n3yZ9VBUbp4zz/mX8hmYPw==
  dependencies:
    core-util-is "~1.0.0"
    inherits "~2.0.3"
    isarray "~1.0.0"
    process-nextick-args "~2.0.0"
    safe-buffer "~5.1.1"
    string_decoder "~1.1.1"
    util-deprecate "~1.0.1"

readable-to-readable@^0.1.0:
  version "0.1.3"
  resolved "https://registry.yarnpkg.com/readable-to-readable/-/readable-to-readable-0.1.3.tgz#a799d497d5af12252d1999fc9bcb37302f704a1f"
  integrity sha512-G+0kz01xJM/uTuItKcqC73cifW8S6CZ7tp77NLN87lE5mrSU+GC8geoSAlfmp0NocmXckQ7W8s8ns73HYsIA3w==
  dependencies:
    readable-stream "^3.6.0"

relative-to-absolute-iri@^1.0.0, relative-to-absolute-iri@^1.0.5:
  version "1.0.6"
  resolved "https://registry.yarnpkg.com/relative-to-absolute-iri/-/relative-to-absolute-iri-1.0.6.tgz#7111dac5730587e3fbca3e0f48585fbc88c147a7"
  integrity sha512-Xw5/Zx6iWSCMJUXwXVOjySjH8Xli4hVFL9QQFvkl1qEmFBG94J+QUI9emnoctOCD3285f1jNV+QWV9eDYwIdfQ==

safe-buffer@~5.1.0, safe-buffer@~5.1.1:
  version "5.1.2"
  resolved "https://registry.yarnpkg.com/safe-buffer/-/safe-buffer-5.1.2.tgz#991ec69d296e0313747d59bdfd2b745c35f8828d"
  integrity sha512-Gd2UZBJDkXlY7GbJxfsE8/nvKkUEU1G38c1siN6QP6a9PT9MmHB8GnpscSmMJSoF8LOIrt8ud/wPtojys4G6+g==

safe-buffer@~5.2.0:
  version "5.2.1"
  resolved "https://registry.yarnpkg.com/safe-buffer/-/safe-buffer-5.2.1.tgz#1eaf9fa9bdb1fdd4ec75f58f9cdb4e6b7827eec6"
  integrity sha512-rp3So07KcdmmKbGvgaNxQSJr7bGVSVk5S9Eq1F+ppbRo70+YeaDxkw5Dd8NPN+GD6bjnYm2VuPuCXmpuYvmCXQ==

sax-stream@^1.2.3:
  version "1.3.0"
  resolved "https://registry.yarnpkg.com/sax-stream/-/sax-stream-1.3.0.tgz#5fd9380fa9e0254f938b1816b9eb5c2e6d8ea045"
  integrity sha512-tcfsAAICAkyNNe4uiKtKmLKxx3C7qPAej13UUoN+7OLYq/P5kHGahZtJhhMVM3fIMndA6TlYHWFlFEzFkv1VGg==
  dependencies:
    debug "~2"
    sax "~1"

sax@^1.2.4, sax@~1:
  version "1.2.4"
  resolved "https://registry.yarnpkg.com/sax/-/sax-1.2.4.tgz#2816234e2378bddc4e5354fab5caa895df7100d9"
  integrity sha512-NqVDv9TpANUjFm0N8uM5GxL36UgKi9/atZw+x7YFnQ8ckwFGKrl4xX4yWtrey3UJm5nP1kUbnYgLopqWNSRhWw==

separate-stream@^1.0.0:
  version "1.0.1"
  resolved "https://registry.yarnpkg.com/separate-stream/-/separate-stream-1.0.1.tgz#21e85d7c52433df1bb0b39205807be5565ac1dcb"
  integrity sha512-UKFCzmddW2akOq40YdGehllv5gu6AD3y6nGSVuZuwI1kify2CiW7Zwsxx4ioaNLxx4LZaZMkcjdICHtSxpEpaA==
  dependencies:
    readable-stream "^3.6.0"

side-channel@^1.0.4:
  version "1.0.4"
  resolved "https://registry.yarnpkg.com/side-channel/-/side-channel-1.0.4.tgz#efce5c8fdc104ee751b25c58d4290011fa5ea2cf"
  integrity sha512-q5XPytqFEIKHkGdiMIrY10mvLRvnQh42/+GoBlFW3b2LXLE2xxJpZFdm94we0BaoV3RwJyGqg5wS7epxTv0Zvw==
  dependencies:
    call-bind "^1.0.0"
    get-intrinsic "^1.0.2"
    object-inspect "^1.9.0"

sonic-boom@^0.7.5:
  version "0.7.7"
  resolved "https://registry.yarnpkg.com/sonic-boom/-/sonic-boom-0.7.7.tgz#d921de887428208bfa07b0ae32c278de043f350a"
  integrity sha512-Ei5YOo5J64GKClHIL/5evJPgASXFVpfVYbJV9PILZQytTK6/LCwHvsZJW2Ig4p9FMC2OrBrMnXKgRN/OEoAWfg==
  dependencies:
    atomic-sleep "^1.0.0"
    flatstr "^1.0.12"

sparql-http-client@2.4.0:
  version "2.4.0"
  resolved "https://registry.yarnpkg.com/sparql-http-client/-/sparql-http-client-2.4.0.tgz#ebc8373dc16da06a557a344e82052d4b814d6985"
  integrity sha512-/mOs4l2tfXJ2DnjmXMe3Gzihp68JGT239OZLiO678xSXU2g6ZZbcCmImkCy9zs6hw3ft6exFo4NIJn6sIDMoIA==
  dependencies:
    "@rdfjs/data-model" "^1.1.2"
    "@rdfjs/parser-n3" "^1.1.3"
    "@rdfjs/to-ntriples" "^1.0.2"
    get-stream "^5.1.0"
    jsonstream2 "^3.0.0"
    lodash "^4.17.15"
    nodeify-fetch "^2.2.0"
    promise-the-world "^1.0.1"
    rdf-transform-triple-to-quad "^1.0.2"
    readable-stream "^3.5.0"
    separate-stream "^1.0.0"

sparqljs@3.5.1:
  version "3.5.1"
  resolved "https://registry.yarnpkg.com/sparqljs/-/sparqljs-3.5.1.tgz#631cd4b5bcc3d9ce23c5313b3a158eccf858e28b"
  integrity sha512-sHc6z7hNF3ACvXurKe8hT1sD52Fc0fN3uPLS6SQnXRV9CJl33GNAS4w5Dd3X3GgykUt9SlnjhI1QRKhLzun4qQ==
  dependencies:
    rdf-data-factory "^1.0.4"

sparqljson-parse@^1.6.0:
  version "1.7.0"
  resolved "https://registry.yarnpkg.com/sparqljson-parse/-/sparqljson-parse-1.7.0.tgz#8844cae3b030864e459e37e6229bf394fc2dee14"
  integrity sha512-/88g7aK1QZ42YvMx+nStNeZsiVJhmg/OC4RNnQk+ybItvEkQiTOpnYDmST5FnzOIsSmp5RxAZDCIDdMK1h7Ynw==
  dependencies:
    "@rdfjs/types" "*"
    "@types/node" "^13.1.0"
    JSONStream "^1.3.3"
    rdf-data-factory "^1.1.0"

sparqlxml-parse@^1.4.0:
  version "1.5.0"
  resolved "https://registry.yarnpkg.com/sparqlxml-parse/-/sparqlxml-parse-1.5.0.tgz#895e403d7435fd1528988121bc4cd6eb576d9887"
  integrity sha512-+0DCekgO3G6ugeVntrZS6+Fj60MsHR0q51WoRAdVzARb5V3jhX3dZJbwSaeydsOsXrtts4XSMc/z+kbqy5/VUQ==
  dependencies:
    "@rdfjs/types" "*"
    "@types/node" "^13.1.0"
    rdf-data-factory "^1.1.0"
    sax-stream "^1.2.3"

string-width@^4.2.0:
  version "4.2.3"
  resolved "https://registry.yarnpkg.com/string-width/-/string-width-4.2.3.tgz#269c7117d27b05ad2e536830a8ec895ef9c6d010"
  integrity sha512-wKyQRQpjJ0sIp62ErSZdGsjMJWsap5oRNihHhu6G7JVO/9jIB6UyevL+tXuOqrng8j/cxKTWyWUwvSTriiZz/g==
  dependencies:
    emoji-regex "^8.0.0"
    is-fullwidth-code-point "^3.0.0"
    strip-ansi "^6.0.1"

string_decoder@^1.1.1:
  version "1.3.0"
  resolved "https://registry.yarnpkg.com/string_decoder/-/string_decoder-1.3.0.tgz#42f114594a46cf1a8e30b0a84f56c78c3edac21e"
  integrity sha512-hkRX8U1WjJFd8LsDJ2yQ/wWWxaopEsABU1XfkM8A+j0+85JAGppt16cr1Whg6KIbb4okU6Mql6BOj+uup/wKeA==
  dependencies:
    safe-buffer "~5.2.0"

string_decoder@~1.1.1:
  version "1.1.1"
  resolved "https://registry.yarnpkg.com/string_decoder/-/string_decoder-1.1.1.tgz#9cf1611ba62685d7030ae9e4ba34149c3af03fc8"
  integrity sha512-n/ShnvDi6FHbbVfviro+WojiFzv+s8MPMHBczVePfUpDJLwoLT0ht1l4YwBCbi8pJAveEEdnkHyPyTP/mzRfwg==
  dependencies:
    safe-buffer "~5.1.0"

strip-ansi@^6.0.1:
  version "6.0.1"
  resolved "https://registry.yarnpkg.com/strip-ansi/-/strip-ansi-6.0.1.tgz#9e26c63d30f53443e9489495b2105d37b67a85d9"
  integrity sha512-Y38VPSHcqkFrCpFnQ9vuSXmquuv5oXOKpGeT6aGrr3o3Gc9AlVa6JBfUSOCnbxGGZF+/0ooI7KrPuUSztUdU5A==
  dependencies:
    ansi-regex "^5.0.1"

through2@^3.0.1:
  version "3.0.2"
  resolved "https://registry.yarnpkg.com/through2/-/through2-3.0.2.tgz#99f88931cfc761ec7678b41d5d7336b5b6a07bf4"
  integrity sha512-enaDQ4MUyP2W6ZyT6EsMzqBPZaM/avg8iuo+l2d3QCs0J+6RaqkHV/2/lOwDTueBHeJ/2LG9lrLW3d5rWPucuQ==
  dependencies:
    inherits "^2.0.4"
    readable-stream "2 || 3"

"through@>=2.2.7 <3":
  version "2.3.8"
  resolved "https://registry.yarnpkg.com/through/-/through-2.3.8.tgz#0dd4c9ffaabc357960b1b724115d7e0e86a2e1f5"
  integrity sha1-DdTJ/6q8NXlgsbckEV1+Doai4fU=

tr46@~0.0.3:
  version "0.0.3"
  resolved "https://registry.yarnpkg.com/tr46/-/tr46-0.0.3.tgz#8184fd347dac9cdc185992f3a6622e14b9d9ab6a"
  integrity sha1-gYT9NH2snNwYWZLzpmIuFLnZq2o=

type-component@0.0.1:
  version "0.0.1"
  resolved "https://registry.yarnpkg.com/type-component/-/type-component-0.0.1.tgz#952a6c81c21efd24d13d811d0c8498cb860e1956"
  integrity sha1-lSpsgcIe/STRPYEdDISYy4YOGVY=

typedarray@^0.0.6:
  version "0.0.6"
  resolved "https://registry.yarnpkg.com/typedarray/-/typedarray-0.0.6.tgz#867ac74e3864187b1d3d47d996a78ec5c8830777"
  integrity sha1-hnrHTjhkGHsdPUfZlqeOxciDB3c=

util-deprecate@^1.0.1, util-deprecate@~1.0.1:
  version "1.0.2"
  resolved "https://registry.yarnpkg.com/util-deprecate/-/util-deprecate-1.0.2.tgz#450d4dc9fa70de732762fbd2d4a28981419a0ccf"
  integrity sha1-RQ1Nyfpw3nMnYvvS1KKJgUGaDM8=

uuid@^3.4.0:
  version "3.4.0"
  resolved "https://registry.yarnpkg.com/uuid/-/uuid-3.4.0.tgz#b23e4358afa8a202fe7a100af1f5f883f02007ee"
  integrity sha512-HjSDRw6gZE5JMggctHBcjVak08+KEVhSIiDzFnT9S9aegmp85S/bReBVTb4QTFaRNptJ9kuYaNhnbNEOkbKb/A==

webidl-conversions@^3.0.0:
  version "3.0.1"
  resolved "https://registry.yarnpkg.com/webidl-conversions/-/webidl-conversions-3.0.1.tgz#24534275e2a7bc6be7bc86611cc16ae0a5654871"
  integrity sha1-JFNCdeKnvGvnvIZhHMFq4KVlSHE=

whatwg-url@^5.0.0:
  version "5.0.0"
  resolved "https://registry.yarnpkg.com/whatwg-url/-/whatwg-url-5.0.0.tgz#966454e8765462e37644d3626f6742ce8b70965d"
  integrity sha1-lmRU6HZUYuN2RNNib2dCzotwll0=
  dependencies:
    tr46 "~0.0.3"
    webidl-conversions "^3.0.0"

wrappy@1:
  version "1.0.2"
  resolved "https://registry.yarnpkg.com/wrappy/-/wrappy-1.0.2.tgz#b5243d8f3ec1aa35f1364605bc0d1036e30ab69f"
  integrity sha1-tSQ9jz7BqjXxNkYFvA0QNuMKtp8=
